
Microsoft Visual Studio Solution File, Format Version 12.00
# Visual Studio Version 17
VisualStudioVersion = 17.14.36429.23 d17.14
MinimumVisualStudioVersion = 10.0.40219.1
Project("{FAE04EC0-301F-11D3-BF4B-00C04F79EFBC}") = "maior valor-identicos", "maior valor-identicos\maior valor-identicos.csproj", "{49F862A0-032B-41CF-8908-7A44168EC109}"
EndProject
Global
	GlobalSection(SolutionConfigurationPlatforms) = preSolution
		Debug|Any CPU = Debug|Any CPU
		Release|Any CPU = Release|Any CPU
	EndGlobalSection
	GlobalSection(ProjectConfigurationPlatforms) = postSolution
		{49F862A0-032B-41CF-8908-7A44168EC109}.Debug|Any CPU.ActiveCfg = Debug|Any CPU
		{49F862A0-032B-41CF-8908-7A44168EC109}.Debug|Any CPU.Build.0 = Debug|Any CPU
		{49F862A0-032B-41CF-8908-7A44168EC109}.Release|Any CPU.ActiveCfg = Release|Any CPU
		{49F862A0-032B-41CF-8908-7A44168EC109}.Release|Any CPU.Build.0 = Release|Any CPU
	EndGlobalSection
	GlobalSection(SolutionProperties) = preSolution
		HideSolutionNode = FALSE
	EndGlobalSection
	GlobalSection(ExtensibilityGlobals) = postSolution
		SolutionGuid = {49B67F44-EF6E-4397-8E5A-D1D66EC901DC}
	EndGlobalSection
EndGlobal
