
Microsoft Visual Studio Solution File, Format Version 12.00
# Visual Studio Version 17
VisualStudioVersion = 17.14.36429.23 d17.14
MinimumVisualStudioVersion = 10.0.40219.1
Project("{FAE04EC0-301F-11D3-BF4B-00C04F79EFBC}") = "3-VALORES", "3-VALORES\3-VALORES.csproj", "{7842DF42-5F00-4C6B-B3D0-EE0E9A46112E}"
EndProject
Global
	GlobalSection(SolutionConfigurationPlatforms) = preSolution
		Debug|Any CPU = Debug|Any CPU
		Release|Any CPU = Release|Any CPU
	EndGlobalSection
	GlobalSection(ProjectConfigurationPlatforms) = postSolution
		{7842DF42-5F00-4C6B-B3D0-EE0E9A46112E}.Debug|Any CPU.ActiveCfg = Debug|Any CPU
		{7842DF42-5F00-4C6B-B3D0-EE0E9A46112E}.Debug|Any CPU.Build.0 = Debug|Any CPU
		{7842DF42-5F00-4C6B-B3D0-EE0E9A46112E}.Release|Any CPU.ActiveCfg = Release|Any CPU
		{7842DF42-5F00-4C6B-B3D0-EE0E9A46112E}.Release|Any CPU.Build.0 = Release|Any CPU
	EndGlobalSection
	GlobalSection(SolutionProperties) = preSolution
		HideSolutionNode = FALSE
	EndGlobalSection
	GlobalSection(ExtensibilityGlobals) = postSolution
		SolutionGuid = {B937EC90-E1C3-483B-A5C6-6B8A97A592E6}
	EndGlobalSection
EndGlobal
